
Microsoft Visual Studio Solution File, Format Version 12.00
# Visual Studio Version 16
VisualStudioVersion = 16.0.30503.244
MinimumVisualStudioVersion = 10.0.40219.1
Project("{FAE04EC0-301F-11D3-BF4B-00C04F79EFBC}") = "RepositoryTest", "RepositoryTest\RepositoryTest.csproj", "{4375F3CA-B0D6-4F76-B912-89308847C62F}"
EndProject
Project("{FAE04EC0-301F-11D3-BF4B-00C04F79EFBC}") = "AnotherAssembly", "AnotherPart\AnotherAssembly.csproj", "{C9878E3A-A1DC-4CBA-A422-9DF1C9D6BF09}"
EndProject
Global
	GlobalSection(SolutionConfigurationPlatforms) = preSolution
		Debug|Any CPU = Debug|Any CPU
		Release|Any CPU = Release|Any CPU
	EndGlobalSection
	GlobalSection(ProjectConfigurationPlatforms) = postSolution
		{4375F3CA-B0D6-4F76-B912-89308847C62F}.Debug|Any CPU.ActiveCfg = Debug|Any CPU
		{4375F3CA-B0D6-4F76-B912-89308847C62F}.Debug|Any CPU.Build.0 = Debug|Any CPU
		{4375F3CA-B0D6-4F76-B912-89308847C62F}.Release|Any CPU.ActiveCfg = Release|Any CPU
		{4375F3CA-B0D6-4F76-B912-89308847C62F}.Release|Any CPU.Build.0 = Release|Any CPU
		{C9878E3A-A1DC-4CBA-A422-9DF1C9D6BF09}.Debug|Any CPU.ActiveCfg = Debug|Any CPU
		{C9878E3A-A1DC-4CBA-A422-9DF1C9D6BF09}.Debug|Any CPU.Build.0 = Debug|Any CPU
		{C9878E3A-A1DC-4CBA-A422-9DF1C9D6BF09}.Release|Any CPU.ActiveCfg = Release|Any CPU
		{C9878E3A-A1DC-4CBA-A422-9DF1C9D6BF09}.Release|Any CPU.Build.0 = Release|Any CPU
	EndGlobalSection
	GlobalSection(SolutionProperties) = preSolution
		HideSolutionNode = FALSE
	EndGlobalSection
	GlobalSection(ExtensibilityGlobals) = postSolution
		SolutionGuid = {41C69DE8-BF04-44CB-95ED-4A17611664CB}
	EndGlobalSection
EndGlobal
